// !$*UTF8*$!
{
	archiveVersion = 1;
	classes = {
	};
	objectVersion = 46;
	objects = {

/* Begin PBXBuildFile section */
		35B97FBC1CB5FB7600AE1FFA /* main.m in Sources */ = {isa = PBXBuildFile; fileRef = 35B97FBB1CB5FB7600AE1FFA /* main.m */; };
		35B97FBF1CB5FB7600AE1FFA /* AppDelegate.m in Sources */ = {isa = PBXBuildFile; fileRef = 35B97FBE1CB5FB7600AE1FFA /* AppDelegate.m */; };
		35B97FC81CB5FB7600AE1FFA /* Main.storyboard in Resources */ = {isa = PBXBuildFile; fileRef = 35B97FC61CB5FB7600AE1FFA /* Main.storyboard */; };
		35B97FCA1CB5FB7600AE1FFA /* Assets.xcassets in Resources */ = {isa = PBXBuildFile; fileRef = 35B97FC91CB5FB7600AE1FFA /* Assets.xcassets */; };
		35B97FCD1CB5FB7600AE1FFA /* LaunchScreen.storyboard in Resources */ = {isa = PBXBuildFile; fileRef = 35B97FCB1CB5FB7600AE1FFA /* LaunchScreen.storyboard */; };
		35B97FD91CB5FE1800AE1FFA /* HomeViewController.m in Sources */ = {isa = PBXBuildFile; fileRef = 35B97FD81CB5FE1800AE1FFA /* HomeViewController.m */; };
		35B97FE21CB6017B00AE1FFA /* RecipeListViewController.m in Sources */ = {isa = PBXBuildFile; fileRef = 35B97FE11CB6017B00AE1FFA /* RecipeListViewController.m */; };
		35B97FE51CB6036500AE1FFA /* RecipeViewController.m in Sources */ = {isa = PBXBuildFile; fileRef = 35B97FE41CB6036500AE1FFA /* RecipeViewController.m */; };
/* End PBXBuildFile section */

/* Begin PBXFileReference section */
		35B97FB71CB5FB7600AE1FFA /* Baby Recipes.app */ = {isa = PBXFileReference; explicitFileType = wrapper.application; includeInIndex = 0; path = "Baby Recipes.app"; sourceTree = BUILT_PRODUCTS_DIR; };
		35B97FBB1CB5FB7600AE1FFA /* main.m */ = {isa = PBXFileReference; lastKnownFileType = sourcecode.c.objc; path = main.m; sourceTree = "<group>"; };
		35B97FBD1CB5FB7600AE1FFA /* AppDelegate.h */ = {isa = PBXFileReference; lastKnownFileType = sourcecode.c.h; path = AppDelegate.h; sourceTree = "<group>"; };
		35B97FBE1CB5FB7600AE1FFA /* AppDelegate.m */ = {isa = PBXFileReference; lastKnownFileType = sourcecode.c.objc; path = AppDelegate.m; sourceTree = "<group>"; };
		35B97FC71CB5FB7600AE1FFA /* Base */ = {isa = PBXFileReference; lastKnownFileType = file.storyboard; name = Base; path = Base.lproj/Main.storyboard; sourceTree = "<group>"; };
		35B97FC91CB5FB7600AE1FFA /* Assets.xcassets */ = {isa = PBXFileReference; lastKnownFileType = folder.assetcatalog; path = Assets.xcassets; sourceTree = "<group>"; };
		35B97FCC1CB5FB7600AE1FFA /* Base */ = {isa = PBXFileReference; lastKnownFileType = file.storyboard; name = Base; path = Base.lproj/LaunchScreen.storyboard; sourceTree = "<group>"; };
		35B97FCE1CB5FB7600AE1FFA /* Info.plist */ = {isa = PBXFileReference; lastKnownFileType = text.plist.xml; path = Info.plist; sourceTree = "<group>"; };
		35B97FD71CB5FE1800AE1FFA /* HomeViewController.h */ = {isa = PBXFileReference; fileEncoding = 4; lastKnownFileType = sourcecode.c.h; path = HomeViewController.h; sourceTree = "<group>"; };
		35B97FD81CB5FE1800AE1FFA /* HomeViewController.m */ = {isa = PBXFileReference; fileEncoding = 4; lastKnownFileType = sourcecode.c.objc; path = HomeViewController.m; sourceTree = "<group>"; };
		35B97FE01CB6017B00AE1FFA /* RecipeListViewController.h */ = {isa = PBXFileReference; fileEncoding = 4; lastKnownFileType = sourcecode.c.h; path = RecipeListViewController.h; sourceTree = "<group>"; };
		35B97FE11CB6017B00AE1FFA /* RecipeListViewController.m */ = {isa = PBXFileReference; fileEncoding = 4; lastKnownFileType = sourcecode.c.objc; path = RecipeListViewController.m; sourceTree = "<group>"; };
		35B97FE31CB6036500AE1FFA /* RecipeViewController.h */ = {isa = PBXFileReference; fileEncoding = 4; lastKnownFileType = sourcecode.c.h; path = RecipeViewController.h; sourceTree = "<group>"; };
		35B97FE41CB6036500AE1FFA /* RecipeViewController.m */ = {isa = PBXFileReference; fileEncoding = 4; lastKnownFileType = sourcecode.c.objc; path = RecipeViewController.m; sourceTree = "<group>"; };
/* End PBXFileReference section */

/* Begin PBXFrameworksBuildPhase section */
		35B97FB41CB5FB7600AE1FFA /* Frameworks */ = {
			isa = PBXFrameworksBuildPhase;
			buildActionMask = 2147483647;
			files = (
			);
			runOnlyForDeploymentPostprocessing = 0;
		};
/* End PBXFrameworksBuildPhase section */

/* Begin PBXGroup section */
		35B97FAE1CB5FB7600AE1FFA = {
			isa = PBXGroup;
			children = (
				35B97FB91CB5FB7600AE1FFA /* Baby Recipes */,
				35B97FB81CB5FB7600AE1FFA /* Products */,
			);
			sourceTree = "<group>";
		};
		35B97FB81CB5FB7600AE1FFA /* Products */ = {
			isa = PBXGroup;
			children = (
				35B97FB71CB5FB7600AE1FFA /* Baby Recipes.app */,
			);
			name = Products;
			sourceTree = "<group>";
		};
		35B97FB91CB5FB7600AE1FFA /* Baby Recipes */ = {
			isa = PBXGroup;
			children = (
				35B97FBD1CB5FB7600AE1FFA /* AppDelegate.h */,
				35B97FBE1CB5FB7600AE1FFA /* AppDelegate.m */,
				35B97FD71CB5FE1800AE1FFA /* HomeViewController.h */,
				35B97FD81CB5FE1800AE1FFA /* HomeViewController.m */,
				35B97FE01CB6017B00AE1FFA /* RecipeListViewController.h */,
				35B97FE11CB6017B00AE1FFA /* RecipeListViewController.m */,
				35B97FE31CB6036500AE1FFA /* RecipeViewController.h */,
				35B97FE41CB6036500AE1FFA /* RecipeViewController.m */,
				35B97FC61CB5FB7600AE1FFA /* Main.storyboard */,
				35B97FC91CB5FB7600AE1FFA /* Assets.xcassets */,
				35B97FCB1CB5FB7600AE1FFA /* LaunchScreen.storyboard */,
				35B97FCE1CB5FB7600AE1FFA /* Info.plist */,
				35B97FBA1CB5FB7600AE1FFA /* Supporting Files */,
			);
			path = "Baby Recipes";
			sourceTree = "<group>";
		};
		35B97FBA1CB5FB7600AE1FFA /* Supporting Files */ = {
			isa = PBXGroup;
			children = (
				35B97FBB1CB5FB7600AE1FFA /* main.m */,
			);
			name = "Supporting Files";
			sourceTree = "<group>";
		};
/* End PBXGroup section */

/* Begin PBXNativeTarget section */
		35B97FB61CB5FB7600AE1FFA /* Baby Recipes */ = {
			isa = PBXNativeTarget;
			buildConfigurationList = 35B97FD11CB5FB7600AE1FFA /* Build configuration list for PBXNativeTarget "Baby Recipes" */;
			buildPhases = (
				35B97FB31CB5FB7600AE1FFA /* Sources */,
				35B97FB41CB5FB7600AE1FFA /* Frameworks */,
				35B97FB51CB5FB7600AE1FFA /* Resources */,
			);
			buildRules = (
			);
			dependencies = (
			);
			name = "Baby Recipes";
			productName = "Baby Recipes";
			productReference = 35B97FB71CB5FB7600AE1FFA /* Baby Recipes.app */;
			productType = "com.apple.product-type.application";
		};
/* End PBXNativeTarget section */

/* Begin PBXProject section */
		35B97FAF1CB5FB7600AE1FFA /* Project object */ = {
			isa = PBXProject;
			attributes = {
				LastUpgradeCheck = 0730;
				ORGANIZATIONNAME = "Christine Gregori";
				TargetAttributes = {
					35B97FB61CB5FB7600AE1FFA = {
						CreatedOnToolsVersion = 7.3;
					};
				};
			};
			buildConfigurationList = 35B97FB21CB5FB7600AE1FFA /* Build configuration list for PBXProject "Baby Recipes" */;
			compatibilityVersion = "Xcode 3.2";
			developmentRegion = English;
			hasScannedForEncodings = 0;
			knownRegions = (
				en,
				Base,
			);
			mainGroup = 35B97FAE1CB5FB7600AE1FFA;
			productRefGroup = 35B97FB81CB5FB7600AE1FFA /* Products */;
			projectDirPath = "";
			projectRoot = "";
			targets = (
				35B97FB61CB5FB7600AE1FFA /* Baby Recipes */,
			);
		};
/* End PBXProject section */

/* Begin PBXResourcesBuildPhase section */
		35B97FB51CB5FB7600AE1FFA /* Resources */ = {
			isa = PBXResourcesBuildPhase;
			buildActionMask = 2147483647;
			files = (
				35B97FCD1CB5FB7600AE1FFA /* LaunchScreen.storyboard in Resources */,
				35B97FCA1CB5FB7600AE1FFA /* Assets.xcassets in Resources */,
				35B97FC81CB5FB7600AE1FFA /* Main.storyboard in Resources */,
			);
			runOnlyForDeploymentPostprocessing = 0;
		};
/* End PBXResourcesBuildPhase section */

/* Begin PBXSourcesBuildPhase section */
		35B97FB31CB5FB7600AE1FFA /* Sources */ = {
			isa = PBXSourcesBuildPhase;
			buildActionMask = 2147483647;
			files = (
				35B97FE21CB6017B00AE1FFA /* RecipeListViewController.m in Sources */,
				35B97FBF1CB5FB7600AE1FFA /* AppDelegate.m in Sources */,
				35B97FBC1CB5FB7600AE1FFA /* main.m in Sources */,
				35B97FD91CB5FE1800AE1FFA /* HomeViewController.m in Sources */,
				35B97FE51CB6036500AE1FFA /* RecipeViewController.m in Sources */,
			);
			runOnlyForDeploymentPostprocessing = 0;
		};
/* End PBXSourcesBuildPhase section */

/* Begin PBXVariantGroup section */
		35B97FC61CB5FB7600AE1FFA /* Main.storyboard */ = {
			isa = PBXVariantGroup;
			children = (
				35B97FC71CB5FB7600AE1FFA /* Base */,
			);
			name = Main.storyboard;
			sourceTree = "<group>";
		};
		35B97FCB1CB5FB7600AE1FFA /* LaunchScreen.storyboard */ = {
			isa = PBXVariantGroup;
			children = (
				35B97FCC1CB5FB7600AE1FFA /* Base */,
			);
			name = LaunchScreen.storyboard;
			sourceTree = "<group>";
		};
/* End PBXVariantGroup section */

/* Begin XCBuildConfiguration section */
		35B97FCF1CB5FB7600AE1FFA /* Debug */ = {
			isa = XCBuildConfiguration;
			buildSettings = {
				ALWAYS_SEARCH_USER_PATHS = NO;
				CLANG_ANALYZER_NONNULL = YES;
				CLANG_CXX_LANGUAGE_STANDARD = "gnu++0x";
				CLANG_CXX_LIBRARY = "libc++";
				CLANG_ENABLE_MODULES = YES;
				CLANG_ENABLE_OBJC_ARC = YES;
				CLANG_WARN_BOOL_CONVERSION = YES;
				CLANG_WARN_CONSTANT_CONVERSION = YES;
				CLANG_WARN_DIRECT_OBJC_ISA_USAGE = YES_ERROR;
				CLANG_WARN_EMPTY_BODY = YES;
				CLANG_WARN_ENUM_CONVERSION = YES;
				CLANG_WARN_INT_CONVERSION = YES;
				CLANG_WARN_OBJC_ROOT_CLASS = YES_ERROR;
				CLANG_WARN_UNREACHABLE_CODE = YES;
				CLANG_WARN__DUPLICATE_METHOD_MATCH = YES;
				"CODE_SIGN_IDENTITY[sdk=iphoneos*]" = "iPhone Developer";
				COPY_PHASE_STRIP = NO;
				DEBUG_INFORMATION_FORMAT = dwarf;
				ENABLE_STRICT_OBJC_MSGSEND = YES;
				ENABLE_TESTABILITY = YES;
				GCC_C_LANGUAGE_STANDARD = gnu99;
				GCC_DYNAMIC_NO_PIC = NO;
				GCC_NO_COMMON_BLOCKS = YES;
				GCC_OPTIMIZATION_LEVEL = 0;
				GCC_PREPROCESSOR_DEFINITIONS = (
					"DEBUG=1",
					"$(inherited)",
				);
				GCC_WARN_64_TO_32_BIT_CONVERSION = YES;
				GCC_WARN_ABOUT_RETURN_TYPE = YES_ERROR;
				GCC_WARN_UNDECLARED_SELECTOR = YES;
				GCC_WARN_UNINITIALIZED_AUTOS = YES_AGGRESSIVE;
				GCC_WARN_UNUSED_FUNCTION = YES;
				GCC_WARN_UNUSED_VARIABLE = YES;
				IPHONEOS_DEPLOYMENT_TARGET = 9.3;
				MTL_ENABLE_DEBUG_INFO = YES;
				ONLY_ACTIVE_ARCH = YES;
				SDKROOT = iphoneos;
			};
			name = Debug;
		};
		35B97FD01CB5FB7600AE1FFA /* Release */ = {
			isa = XCBuildConfiguration;
			buildSettings = {
				ALWAYS_SEARCH_USER_PATHS = NO;
				CLANG_ANALYZER_NONNULL = YES;
				CLANG_CXX_LANGUAGE_STANDARD = "gnu++0x";
				CLANG_CXX_LIBRARY = "libc++";
				CLANG_ENABLE_MODULES = YES;
				CLANG_ENABLE_OBJC_ARC = YES;
				CLANG_WARN_BOOL_CONVERSION = YES;
				CLANG_WARN_CONSTANT_CONVERSION = YES;
				CLANG_WARN_DIRECT_OBJC_ISA_USAGE = YES_ERROR;
				CLANG_WARN_EMPTY_BODY = YES;
				CLANG_WARN_ENUM_CONVERSION = YES;
				CLANG_WARN_INT_CONVERSION = YES;
				CLANG_WARN_OBJC_ROOT_CLASS = YES_ERROR;
				CLANG_WARN_UNREACHABLE_CODE = YES;
				CLANG_WARN__DUPLICATE_METHOD_MATCH = YES;
				"CODE_SIGN_IDENTITY[sdk=iphoneos*]" = "iPhone Developer";
				COPY_PHASE_STRIP = NO;
				DEBUG_INFORMATION_FORMAT = "dwarf-with-dsym";
				ENABLE_NS_ASSERTIONS = NO;
				ENABLE_STRICT_OBJC_MSGSEND = YES;
				GCC_C_LANGUAGE_STANDARD = gnu99;
				GCC_NO_COMMON_BLOCKS = YES;
				GCC_WARN_64_TO_32_BIT_CONVERSION = YES;
				GCC_WARN_ABOUT_RETURN_TYPE = YES_ERROR;
				GCC_WARN_UNDECLARED_SELECTOR = YES;
				GCC_WARN_UNINITIALIZED_AUTOS = YES_AGGRESSIVE;
				GCC_WARN_UNUSED_FUNCTION = YES;
				GCC_WARN_UNUSED_VARIABLE = YES;
				IPHONEOS_DEPLOYMENT_TARGET = 9.3;
				MTL_ENABLE_DEBUG_INFO = NO;
				SDKROOT = iphoneos;
				VALIDATE_PRODUCT = YES;
			};
			name = Release;
		};
		35B97FD21CB5FB7600AE1FFA /* Debug */ = {
			isa = XCBuildConfiguration;
			buildSettings = {
				ASSETCATALOG_COMPILER_APPICON_NAME = AppIcon;
				CODE_SIGN_IDENTITY = "iPhone Developer";
				INFOPLIST_FILE = "Baby Recipes/Info.plist";
				LD_RUNPATH_SEARCH_PATHS = "$(inherited) @executable_path/Frameworks";
				PRODUCT_BUNDLE_IDENTIFIER = "Christine-Gregori.Baby-Recipes";
				PRODUCT_NAME = "$(TARGET_NAME)";
			};
			name = Debug;
		};
		35B97FD31CB5FB7600AE1FFA /* Release */ = {
			isa = XCBuildConfiguration;
			buildSettings = {
				ASSETCATALOG_COMPILER_APPICON_NAME = AppIcon;
				CODE_SIGN_IDENTITY = "iPhone Developer";
				INFOPLIST_FILE = "Baby Recipes/Info.plist";
				LD_RUNPATH_SEARCH_PATHS = "$(inherited) @executable_path/Frameworks";
				PRODUCT_BUNDLE_IDENTIFIER = "Christine-Gregori.Baby-Recipes";
				PRODUCT_NAME = "$(TARGET_NAME)";
			};
			name = Release;
		};
/* End XCBuildConfiguration section */

/* Begin XCConfigurationList section */
		35B97FB21CB5FB7600AE1FFA /* Build configuration list for PBXProject "Baby Recipes" */ = {
			isa = XCConfigurationList;
			buildConfigurations = (
				35B97FCF1CB5FB7600AE1FFA /* Debug */,
				35B97FD01CB5FB7600AE1FFA /* Release */,
			);
			defaultConfigurationIsVisible = 0;
			defaultConfigurationName = Release;
		};
		35B97FD11CB5FB7600AE1FFA /* Build configuration list for PBXNativeTarget "Baby Recipes" */ = {
			isa = XCConfigurationList;
			buildConfigurations = (
				35B97FD21CB5FB7600AE1FFA /* Debug */,
				35B97FD31CB5FB7600AE1FFA /* Release */,
			);
			defaultConfigurationIsVisible = 0;
		};
/* End XCConfigurationList section */
	};
	rootObject = 35B97FAF1CB5FB7600AE1FFA /* Project object */;
}
